
Microsoft Visual Studio Solution File, Format Version 12.00
# Visual Studio Version 17
VisualStudioVersion = 17.1.32210.238
MinimumVisualStudioVersion = 10.0.40219.1
Project("{FAE04EC0-301F-11D3-BF4B-00C04F79EFBC}") = "MODUL8_1302204050", "MODUL8_1302204050.csproj", "{D5292ADF-C953-442B-A66B-B6B340DFB568}"
EndProject
Global
	GlobalSection(SolutionConfigurationPlatforms) = preSolution
		Debug|Any CPU = Debug|Any CPU
		Release|Any CPU = Release|Any CPU
	EndGlobalSection
	GlobalSection(ProjectConfigurationPlatforms) = postSolution
		{D5292ADF-C953-442B-A66B-B6B340DFB568}.Debug|Any CPU.ActiveCfg = Debug|Any CPU
		{D5292ADF-C953-442B-A66B-B6B340DFB568}.Debug|Any CPU.Build.0 = Debug|Any CPU
		{D5292ADF-C953-442B-A66B-B6B340DFB568}.Release|Any CPU.ActiveCfg = Release|Any CPU
		{D5292ADF-C953-442B-A66B-B6B340DFB568}.Release|Any CPU.Build.0 = Release|Any CPU
	EndGlobalSection
	GlobalSection(SolutionProperties) = preSolution
		HideSolutionNode = FALSE
	EndGlobalSection
	GlobalSection(ExtensibilityGlobals) = postSolution
		SolutionGuid = {26DAC8DD-97B2-48EB-9550-76700C4E9305}
	EndGlobalSection
EndGlobal
